// !$*UTF8*$!
{
	archiveVersion = 1;
	classes = {
	};
	objectVersion = 48;
	objects = {

/* Begin PBXBuildFile section */
		2E0109371F70858C006FCB37 /* AppDelegate.swift in Sources */ = {isa = PBXBuildFile; fileRef = 2E0109361F70858C006FCB37 /* AppDelegate.swift */; };
		2E01093E1F70858C006FCB37 /* Main.storyboard in Resources */ = {isa = PBXBuildFile; fileRef = 2E01093C1F70858C006FCB37 /* Main.storyboard */; };
		2E0109401F70858C006FCB37 /* Assets.xcassets in Resources */ = {isa = PBXBuildFile; fileRef = 2E01093F1F70858C006FCB37 /* Assets.xcassets */; };
		2E0109431F70858C006FCB37 /* LaunchScreen.storyboard in Resources */ = {isa = PBXBuildFile; fileRef = 2E0109411F70858C006FCB37 /* LaunchScreen.storyboard */; };
		2E01094B1F7085FD006FCB37 /* feedVC.swift in Sources */ = {isa = PBXBuildFile; fileRef = 2E01094A1F7085FD006FCB37 /* feedVC.swift */; };
		2E01094D1F708614006FCB37 /* uploadVC.swift in Sources */ = {isa = PBXBuildFile; fileRef = 2E01094C1F708614006FCB37 /* uploadVC.swift */; };
		2E01094F1F708AA5006FCB37 /* singInVC.swift in Sources */ = {isa = PBXBuildFile; fileRef = 2E01094E1F708AA5006FCB37 /* singInVC.swift */; };
		2E0109511F708CF5006FCB37 /* GoogleService-Info.plist in Resources */ = {isa = PBXBuildFile; fileRef = 2E0109501F708CEE006FCB37 /* GoogleService-Info.plist */; };
		2E4B604E1FAA40CB00FAC90F /* selectImage.jpg in Resources */ = {isa = PBXBuildFile; fileRef = 2E4B604D1FAA40C600FAC90F /* selectImage.jpg */; };
		2E4B60501FAA62AE00FAC90F /* feedCell.swift in Sources */ = {isa = PBXBuildFile; fileRef = 2E4B604F1FAA62AE00FAC90F /* feedCell.swift */; };
		2EE92E8C1FABF8F700F59298 /* SDWebImage.framework in Frameworks */ = {isa = PBXBuildFile; fileRef = 2EE92E8B1FABF8F700F59298 /* SDWebImage.framework */; };
		C57559A4E6E2786759095973 /* Pods_instaCloneApp.framework in Frameworks */ = {isa = PBXBuildFile; fileRef = 1B7708DFB3E3D106B5146B9F /* Pods_instaCloneApp.framework */; };
/* End PBXBuildFile section */

/* Begin PBXFileReference section */
		1B7708DFB3E3D106B5146B9F /* Pods_instaCloneApp.framework */ = {isa = PBXFileReference; explicitFileType = wrapper.framework; includeInIndex = 0; path = Pods_instaCloneApp.framework; sourceTree = BUILT_PRODUCTS_DIR; };
		1EDCB9BEC64189B4AE9E092B /* Pods-instaCloneApp.debug.xcconfig */ = {isa = PBXFileReference; includeInIndex = 1; lastKnownFileType = text.xcconfig; name = "Pods-instaCloneApp.debug.xcconfig"; path = "Pods/Target Support Files/Pods-instaCloneApp/Pods-instaCloneApp.debug.xcconfig"; sourceTree = "<group>"; };
		2E0109331F70858C006FCB37 /* instaCloneApp.app */ = {isa = PBXFileReference; explicitFileType = wrapper.application; includeInIndex = 0; path = instaCloneApp.app; sourceTree = BUILT_PRODUCTS_DIR; };
		2E0109361F70858C006FCB37 /* AppDelegate.swift */ = {isa = PBXFileReference; lastKnownFileType = sourcecode.swift; path = AppDelegate.swift; sourceTree = "<group>"; };
		2E01093D1F70858C006FCB37 /* Base */ = {isa = PBXFileReference; lastKnownFileType = file.storyboard; name = Base; path = Base.lproj/Main.storyboard; sourceTree = "<group>"; };
		2E01093F1F70858C006FCB37 /* Assets.xcassets */ = {isa = PBXFileReference; lastKnownFileType = folder.assetcatalog; path = Assets.xcassets; sourceTree = "<group>"; };
		2E0109421F70858C006FCB37 /* Base */ = {isa = PBXFileReference; lastKnownFileType = file.storyboard; name = Base; path = Base.lproj/LaunchScreen.storyboard; sourceTree = "<group>"; };
		2E0109441F70858C006FCB37 /* Info.plist */ = {isa = PBXFileReference; lastKnownFileType = text.plist.xml; path = Info.plist; sourceTree = "<group>"; };
		2E01094A1F7085FD006FCB37 /* feedVC.swift */ = {isa = PBXFileReference; lastKnownFileType = sourcecode.swift; path = feedVC.swift; sourceTree = "<group>"; };
		2E01094C1F708614006FCB37 /* uploadVC.swift */ = {isa = PBXFileReference; lastKnownFileType = sourcecode.swift; path = uploadVC.swift; sourceTree = "<group>"; };
		2E01094E1F708AA5006FCB37 /* singInVC.swift */ = {isa = PBXFileReference; lastKnownFileType = sourcecode.swift; path = singInVC.swift; sourceTree = "<group>"; };
		2E0109501F708CEE006FCB37 /* GoogleService-Info.plist */ = {isa = PBXFileReference; lastKnownFileType = text.plist.xml; path = "GoogleService-Info.plist"; sourceTree = "<group>"; };
		2E4B604D1FAA40C600FAC90F /* selectImage.jpg */ = {isa = PBXFileReference; lastKnownFileType = image.jpeg; path = selectImage.jpg; sourceTree = "<group>"; };
		2E4B604F1FAA62AE00FAC90F /* feedCell.swift */ = {isa = PBXFileReference; lastKnownFileType = sourcecode.swift; path = feedCell.swift; sourceTree = "<group>"; };
		2EE92E8B1FABF8F700F59298 /* SDWebImage.framework */ = {isa = PBXFileReference; lastKnownFileType = wrapper.framework; name = SDWebImage.framework; path = "Pods/../build/Debug-iphoneos/SDWebImage/SDWebImage.framework"; sourceTree = "<group>"; };
		9B441047FD99C955BDD2DF28 /* Pods-instaCloneApp.release.xcconfig */ = {isa = PBXFileReference; includeInIndex = 1; lastKnownFileType = text.xcconfig; name = "Pods-instaCloneApp.release.xcconfig"; path = "Pods/Target Support Files/Pods-instaCloneApp/Pods-instaCloneApp.release.xcconfig"; sourceTree = "<group>"; };
/* End PBXFileReference section */

/* Begin PBXFrameworksBuildPhase section */
		2E0109301F70858C006FCB37 /* Frameworks */ = {
			isa = PBXFrameworksBuildPhase;
			buildActionMask = 2147483647;
			files = (
				C57559A4E6E2786759095973 /* Pods_instaCloneApp.framework in Frameworks */,
				2EE92E8C1FABF8F700F59298 /* SDWebImage.framework in Frameworks */,
			);
			runOnlyForDeploymentPostprocessing = 0;
		};
/* End PBXFrameworksBuildPhase section */

/* Begin PBXGroup section */
		2E01092A1F70858C006FCB37 = {
			isa = PBXGroup;
			children = (
				2E0109351F70858C006FCB37 /* instaCloneApp */,
				2E0109341F70858C006FCB37 /* Products */,
				C70FFB3164986996E3A26B0F /* Pods */,
				34EF302B0F82FEC9A554374C /* Frameworks */,
			);
			sourceTree = "<group>";
		};
		2E0109341F70858C006FCB37 /* Products */ = {
			isa = PBXGroup;
			children = (
				2E0109331F70858C006FCB37 /* instaCloneApp.app */,
			);
			name = Products;
			sourceTree = "<group>";
		};
		2E0109351F70858C006FCB37 /* instaCloneApp */ = {
			isa = PBXGroup;
			children = (
				2E01094C1F708614006FCB37 /* uploadVC.swift */,
				2E01094A1F7085FD006FCB37 /* feedVC.swift */,
				2E4B604D1FAA40C600FAC90F /* selectImage.jpg */,
				2E0109361F70858C006FCB37 /* AppDelegate.swift */,
				2E01094E1F708AA5006FCB37 /* singInVC.swift */,
				2E01093C1F70858C006FCB37 /* Main.storyboard */,
				2E4B604F1FAA62AE00FAC90F /* feedCell.swift */,
				2E01093F1F70858C006FCB37 /* Assets.xcassets */,
				2E0109411F70858C006FCB37 /* LaunchScreen.storyboard */,
				2E0109441F70858C006FCB37 /* Info.plist */,
				2E0109501F708CEE006FCB37 /* GoogleService-Info.plist */,
			);
			path = instaCloneApp;
			sourceTree = "<group>";
		};
		34EF302B0F82FEC9A554374C /* Frameworks */ = {
			isa = PBXGroup;
			children = (
				2EE92E8B1FABF8F700F59298 /* SDWebImage.framework */,
				1B7708DFB3E3D106B5146B9F /* Pods_instaCloneApp.framework */,
			);
			name = Frameworks;
			sourceTree = "<group>";
		};
		C70FFB3164986996E3A26B0F /* Pods */ = {
			isa = PBXGroup;
			children = (
				1EDCB9BEC64189B4AE9E092B /* Pods-instaCloneApp.debug.xcconfig */,
				9B441047FD99C955BDD2DF28 /* Pods-instaCloneApp.release.xcconfig */,
			);
			name = Pods;
			sourceTree = "<group>";
		};
/* End PBXGroup section */

/* Begin PBXNativeTarget section */
		2E0109321F70858C006FCB37 /* instaCloneApp */ = {
			isa = PBXNativeTarget;
			buildConfigurationList = 2E0109471F70858C006FCB37 /* Build configuration list for PBXNativeTarget "instaCloneApp" */;
			buildPhases = (
				70F165C6C16AE47B26C49BCD /* [CP] Check Pods Manifest.lock */,
				2E01092F1F70858C006FCB37 /* Sources */,
				2E0109301F70858C006FCB37 /* Frameworks */,
				2E0109311F70858C006FCB37 /* Resources */,
				CDA9EAD1C639C9E9F7AA0929 /* [CP] Embed Pods Frameworks */,
				E1537F7D07D9AB60127D84EF /* [CP] Copy Pods Resources */,
			);
			buildRules = (
			);
			dependencies = (
			);
			name = instaCloneApp;
			productName = instaCloneApp;
			productReference = 2E0109331F70858C006FCB37 /* instaCloneApp.app */;
			productType = "com.apple.product-type.application";
		};
/* End PBXNativeTarget section */

/* Begin PBXProject section */
		2E01092B1F70858C006FCB37 /* Project object */ = {
			isa = PBXProject;
			attributes = {
				LastSwiftUpdateCheck = 0900;
				LastUpgradeCheck = 0900;
				ORGANIZATIONNAME = "Murat Erhan";
				TargetAttributes = {
					2E0109321F70858C006FCB37 = {
						CreatedOnToolsVersion = 9.0;
					};
				};
			};
			buildConfigurationList = 2E01092E1F70858C006FCB37 /* Build configuration list for PBXProject "instaCloneApp" */;
			compatibilityVersion = "Xcode 8.0";
			developmentRegion = en;
			hasScannedForEncodings = 0;
			knownRegions = (
				en,
				Base,
			);
			mainGroup = 2E01092A1F70858C006FCB37;
			productRefGroup = 2E0109341F70858C006FCB37 /* Products */;
			projectDirPath = "";
			projectRoot = "";
			targets = (
				2E0109321F70858C006FCB37 /* instaCloneApp */,
			);
		};
/* End PBXProject section */

/* Begin PBXResourcesBuildPhase section */
		2E0109311F70858C006FCB37 /* Resources */ = {
			isa = PBXResourcesBuildPhase;
			buildActionMask = 2147483647;
			files = (
				2E4B604E1FAA40CB00FAC90F /* selectImage.jpg in Resources */,
				2E0109431F70858C006FCB37 /* LaunchScreen.storyboard in Resources */,
				2E0109511F708CF5006FCB37 /* GoogleService-Info.plist in Resources */,
				2E0109401F70858C006FCB37 /* Assets.xcassets in Resources */,
				2E01093E1F70858C006FCB37 /* Main.storyboard in Resources */,
			);
			runOnlyForDeploymentPostprocessing = 0;
		};
/* End PBXResourcesBuildPhase section */

/* Begin PBXShellScriptBuildPhase section */
		70F165C6C16AE47B26C49BCD /* [CP] Check Pods Manifest.lock */ = {
			isa = PBXShellScriptBuildPhase;
			buildActionMask = 2147483647;
			files = (
			);
			inputPaths = (
				"${PODS_PODFILE_DIR_PATH}/Podfile.lock",
				"${PODS_ROOT}/Manifest.lock",
			);
			name = "[CP] Check Pods Manifest.lock";
			outputPaths = (
				"$(DERIVED_FILE_DIR)/Pods-instaCloneApp-checkManifestLockResult.txt",
			);
			runOnlyForDeploymentPostprocessing = 0;
			shellPath = /bin/sh;
			shellScript = "diff \"${PODS_PODFILE_DIR_PATH}/Podfile.lock\" \"${PODS_ROOT}/Manifest.lock\" > /dev/null\nif [ $? != 0 ] ; then\n    # print error to STDERR\n    echo \"error: The sandbox is not in sync with the Podfile.lock. Run 'pod install' or update your CocoaPods installation.\" >&2\n    exit 1\nfi\n# This output is used by Xcode 'outputs' to avoid re-running this script phase.\necho \"SUCCESS\" > \"${SCRIPT_OUTPUT_FILE_0}\"\n";
			showEnvVarsInLog = 0;
		};
		CDA9EAD1C639C9E9F7AA0929 /* [CP] Embed Pods Frameworks */ = {
			isa = PBXShellScriptBuildPhase;
			buildActionMask = 2147483647;
			files = (
			);
			inputPaths = (
				"${SRCROOT}/Pods/Target Support Files/Pods-instaCloneApp/Pods-instaCloneApp-frameworks.sh",
				"${BUILT_PRODUCTS_DIR}/GTMSessionFetcher/GTMSessionFetcher.framework",
				"${BUILT_PRODUCTS_DIR}/GoogleToolboxForMac/GoogleToolboxForMac.framework",
				"${BUILT_PRODUCTS_DIR}/SDWebImage/SDWebImage.framework",
				"${BUILT_PRODUCTS_DIR}/leveldb-library/leveldb.framework",
				"${BUILT_PRODUCTS_DIR}/libwebp/libwebp.framework",
				"${BUILT_PRODUCTS_DIR}/nanopb/nanopb.framework",
			);
			name = "[CP] Embed Pods Frameworks";
			outputPaths = (
				"${TARGET_BUILD_DIR}/${FRAMEWORKS_FOLDER_PATH}/GTMSessionFetcher.framework",
				"${TARGET_BUILD_DIR}/${FRAMEWORKS_FOLDER_PATH}/GoogleToolboxForMac.framework",
				"${TARGET_BUILD_DIR}/${FRAMEWORKS_FOLDER_PATH}/SDWebImage.framework",
				"${TARGET_BUILD_DIR}/${FRAMEWORKS_FOLDER_PATH}/leveldb.framework",
				"${TARGET_BUILD_DIR}/${FRAMEWORKS_FOLDER_PATH}/libwebp.framework",
				"${TARGET_BUILD_DIR}/${FRAMEWORKS_FOLDER_PATH}/nanopb.framework",
			);
			runOnlyForDeploymentPostprocessing = 0;
			shellPath = /bin/sh;
			shellScript = "\"${SRCROOT}/Pods/Target Support Files/Pods-instaCloneApp/Pods-instaCloneApp-frameworks.sh\"\n";
			showEnvVarsInLog = 0;
		};
		E1537F7D07D9AB60127D84EF /* [CP] Copy Pods Resources */ = {
			isa = PBXShellScriptBuildPhase;
			buildActionMask = 2147483647;
			files = (
			);
			inputPaths = (
			);
			name = "[CP] Copy Pods Resources";
			outputPaths = (
			);
			runOnlyForDeploymentPostprocessing = 0;
			shellPath = /bin/sh;
			shellScript = "\"${SRCROOT}/Pods/Target Support Files/Pods-instaCloneApp/Pods-instaCloneApp-resources.sh\"\n";
			showEnvVarsInLog = 0;
		};
/* End PBXShellScriptBuildPhase section */

/* Begin PBXSourcesBuildPhase section */
		2E01092F1F70858C006FCB37 /* Sources */ = {
			isa = PBXSourcesBuildPhase;
			buildActionMask = 2147483647;
			files = (
				2E01094D1F708614006FCB37 /* uploadVC.swift in Sources */,
				2E4B60501FAA62AE00FAC90F /* feedCell.swift in Sources */,
				2E01094B1F7085FD006FCB37 /* feedVC.swift in Sources */,
				2E01094F1F708AA5006FCB37 /* singInVC.swift in Sources */,
				2E0109371F70858C006FCB37 /* AppDelegate.swift in Sources */,
			);
			runOnlyForDeploymentPostprocessing = 0;
		};
/* End PBXSourcesBuildPhase section */

/* Begin PBXVariantGroup section */
		2E01093C1F70858C006FCB37 /* Main.storyboard */ = {
			isa = PBXVariantGroup;
			children = (
				2E01093D1F70858C006FCB37 /* Base */,
			);
			name = Main.storyboard;
			sourceTree = "<group>";
		};
		2E0109411F70858C006FCB37 /* LaunchScreen.storyboard */ = {
			isa = PBXVariantGroup;
			children = (
				2E0109421F70858C006FCB37 /* Base */,
			);
			name = LaunchScreen.storyboard;
			sourceTree = "<group>";
		};
/* End PBXVariantGroup section */

/* Begin XCBuildConfiguration section */
		2E0109451F70858C006FCB37 /* Debug */ = {
			isa = XCBuildConfiguration;
			buildSettings = {
				ALWAYS_SEARCH_USER_PATHS = NO;
				CLANG_ANALYZER_NONNULL = YES;
				CLANG_ANALYZER_NUMBER_OBJECT_CONVERSION = YES_AGGRESSIVE;
				CLANG_CXX_LANGUAGE_STANDARD = "gnu++14";
				CLANG_CXX_LIBRARY = "libc++";
				CLANG_ENABLE_MODULES = YES;
				CLANG_ENABLE_OBJC_ARC = YES;
				CLANG_WARN_BLOCK_CAPTURE_AUTORELEASING = YES;
				CLANG_WARN_BOOL_CONVERSION = YES;
				CLANG_WARN_COMMA = YES;
				CLANG_WARN_CONSTANT_CONVERSION = YES;
				CLANG_WARN_DIRECT_OBJC_ISA_USAGE = YES_ERROR;
				CLANG_WARN_DOCUMENTATION_COMMENTS = YES;
				CLANG_WARN_EMPTY_BODY = YES;
				CLANG_WARN_ENUM_CONVERSION = YES;
				CLANG_WARN_INFINITE_RECURSION = YES;
				CLANG_WARN_INT_CONVERSION = YES;
				CLANG_WARN_NON_LITERAL_NULL_CONVERSION = YES;
				CLANG_WARN_OBJC_LITERAL_CONVERSION = YES;
				CLANG_WARN_OBJC_ROOT_CLASS = YES_ERROR;
				CLANG_WARN_RANGE_LOOP_ANALYSIS = YES;
				CLANG_WARN_STRICT_PROTOTYPES = YES;
				CLANG_WARN_SUSPICIOUS_MOVE = YES;
				CLANG_WARN_UNGUARDED_AVAILABILITY = YES_AGGRESSIVE;
				CLANG_WARN_UNREACHABLE_CODE = YES;
				CLANG_WARN__DUPLICATE_METHOD_MATCH = YES;
				CODE_SIGN_IDENTITY = "iPhone Developer";
				COPY_PHASE_STRIP = NO;
				DEBUG_INFORMATION_FORMAT = dwarf;
				ENABLE_STRICT_OBJC_MSGSEND = YES;
				ENABLE_TESTABILITY = YES;
				GCC_C_LANGUAGE_STANDARD = gnu11;
				GCC_DYNAMIC_NO_PIC = NO;
				GCC_NO_COMMON_BLOCKS = YES;
				GCC_OPTIMIZATION_LEVEL = 0;
				GCC_PREPROCESSOR_DEFINITIONS = (
					"DEBUG=1",
					"$(inherited)",
				);
				GCC_WARN_64_TO_32_BIT_CONVERSION = YES;
				GCC_WARN_ABOUT_RETURN_TYPE = YES_ERROR;
				GCC_WARN_UNDECLARED_SELECTOR = YES;
				GCC_WARN_UNINITIALIZED_AUTOS = YES_AGGRESSIVE;
				GCC_WARN_UNUSED_FUNCTION = YES;
				GCC_WARN_UNUSED_VARIABLE = YES;
				IPHONEOS_DEPLOYMENT_TARGET = 11.0;
				MTL_ENABLE_DEBUG_INFO = YES;
				ONLY_ACTIVE_ARCH = YES;
				SDKROOT = iphoneos;
				SWIFT_ACTIVE_COMPILATION_CONDITIONS = DEBUG;
				SWIFT_OPTIMIZATION_LEVEL = "-Onone";
			};
			name = Debug;
		};
		2E0109461F70858C006FCB37 /* Release */ = {
			isa = XCBuildConfiguration;
			buildSettings = {
				ALWAYS_SEARCH_USER_PATHS = NO;
				CLANG_ANALYZER_NONNULL = YES;
				CLANG_ANALYZER_NUMBER_OBJECT_CONVERSION = YES_AGGRESSIVE;
				CLANG_CXX_LANGUAGE_STANDARD = "gnu++14";
				CLANG_CXX_LIBRARY = "libc++";
				CLANG_ENABLE_MODULES = YES;
				CLANG_ENABLE_OBJC_ARC = YES;
				CLANG_WARN_BLOCK_CAPTURE_AUTORELEASING = YES;
				CLANG_WARN_BOOL_CONVERSION = YES;
				CLANG_WARN_COMMA = YES;
				CLANG_WARN_CONSTANT_CONVERSION = YES;
				CLANG_WARN_DIRECT_OBJC_ISA_USAGE = YES_ERROR;
				CLANG_WARN_DOCUMENTATION_COMMENTS = YES;
				CLANG_WARN_EMPTY_BODY = YES;
				CLANG_WARN_ENUM_CONVERSION = YES;
				CLANG_WARN_INFINITE_RECURSION = YES;
				CLANG_WARN_INT_CONVERSION = YES;
				CLANG_WARN_NON_LITERAL_NULL_CONVERSION = YES;
				CLANG_WARN_OBJC_LITERAL_CONVERSION = YES;
				CLANG_WARN_OBJC_ROOT_CLASS = YES_ERROR;
				CLANG_WARN_RANGE_LOOP_ANALYSIS = YES;
				CLANG_WARN_STRICT_PROTOTYPES = YES;
				CLANG_WARN_SUSPICIOUS_MOVE = YES;
				CLANG_WARN_UNGUARDED_AVAILABILITY = YES_AGGRESSIVE;
				CLANG_WARN_UNREACHABLE_CODE = YES;
				CLANG_WARN__DUPLICATE_METHOD_MATCH = YES;
				CODE_SIGN_IDENTITY = "iPhone Developer";
				COPY_PHASE_STRIP = NO;
				DEBUG_INFORMATION_FORMAT = "dwarf-with-dsym";
				ENABLE_NS_ASSERTIONS = NO;
				ENABLE_STRICT_OBJC_MSGSEND = YES;
				GCC_C_LANGUAGE_STANDARD = gnu11;
				GCC_NO_COMMON_BLOCKS = YES;
				GCC_WARN_64_TO_32_BIT_CONVERSION = YES;
				GCC_WARN_ABOUT_RETURN_TYPE = YES_ERROR;
				GCC_WARN_UNDECLARED_SELECTOR = YES;
				GCC_WARN_UNINITIALIZED_AUTOS = YES_AGGRESSIVE;
				GCC_WARN_UNUSED_FUNCTION = YES;
				GCC_WARN_UNUSED_VARIABLE = YES;
				IPHONEOS_DEPLOYMENT_TARGET = 11.0;
				MTL_ENABLE_DEBUG_INFO = NO;
				SDKROOT = iphoneos;
				SWIFT_OPTIMIZATION_LEVEL = "-Owholemodule";
				VALIDATE_PRODUCT = YES;
			};
			name = Release;
		};
		2E0109481F70858C006FCB37 /* Debug */ = {
			isa = XCBuildConfiguration;
			baseConfigurationReference = 1EDCB9BEC64189B4AE9E092B /* Pods-instaCloneApp.debug.xcconfig */;
			buildSettings = {
				ASSETCATALOG_COMPILER_APPICON_NAME = AppIcon;
				DEVELOPMENT_TEAM = KLM646LUH9;
				FRAMEWORK_SEARCH_PATHS = (
					"$(inherited)/**",
					"$(PROJECT_DIR)/build/Debug-iphoneos/SDWebImage",
				);
				INFOPLIST_FILE = instaCloneApp/Info.plist;
				LD_RUNPATH_SEARCH_PATHS = "$(inherited) @executable_path/Frameworks";
				PRODUCT_BUNDLE_IDENTIFIER = com.MuratErhan.instaCloneApp;
				PRODUCT_NAME = "$(TARGET_NAME)";
				SWIFT_VERSION = 4.0;
				TARGETED_DEVICE_FAMILY = "1,2";
			};
			name = Debug;
		};
		2E0109491F70858C006FCB37 /* Release */ = {
			isa = XCBuildConfiguration;
			baseConfigurationReference = 9B441047FD99C955BDD2DF28 /* Pods-instaCloneApp.release.xcconfig */;
			buildSettings = {
				ASSETCATALOG_COMPILER_APPICON_NAME = AppIcon;
				DEVELOPMENT_TEAM = KLM646LUH9;
				FRAMEWORK_SEARCH_PATHS = (
					"$(inherited)/**",
					"$(PROJECT_DIR)/build/Debug-iphoneos/SDWebImage",
				);
				INFOPLIST_FILE = instaCloneApp/Info.plist;
				LD_RUNPATH_SEARCH_PATHS = "$(inherited) @executable_path/Frameworks";
				PRODUCT_BUNDLE_IDENTIFIER = com.MuratErhan.instaCloneApp;
				PRODUCT_NAME = "$(TARGET_NAME)";
				SWIFT_VERSION = 4.0;
				TARGETED_DEVICE_FAMILY = "1,2";
			};
			name = Release;
		};
/* End XCBuildConfiguration section */

/* Begin XCConfigurationList section */
		2E01092E1F70858C006FCB37 /* Build configuration list for PBXProject "instaCloneApp" */ = {
			isa = XCConfigurationList;
			buildConfigurations = (
				2E0109451F70858C006FCB37 /* Debug */,
				2E0109461F70858C006FCB37 /* Release */,
			);
			defaultConfigurationIsVisible = 0;
			defaultConfigurationName = Release;
		};
		2E0109471F70858C006FCB37 /* Build configuration list for PBXNativeTarget "instaCloneApp" */ = {
			isa = XCConfigurationList;
			buildConfigurations = (
				2E0109481F70858C006FCB37 /* Debug */,
				2E0109491F70858C006FCB37 /* Release */,
			);
			defaultConfigurationIsVisible = 0;
			defaultConfigurationName = Release;
		};
/* End XCConfigurationList section */
	};
	rootObject = 2E01092B1F70858C006FCB37 /* Project object */;
}
